
Microsoft Visual Studio Solution File, Format Version 12.00
# Visual Studio Version 16
VisualStudioVersion = 16.0.31729.503
MinimumVisualStudioVersion = 10.0.40219.1
Project("{FAE04EC0-301F-11D3-BF4B-00C04F79EFBC}") = "Hotel_Passagem", "Hotel_Passagem\Hotel_Passagem.csproj", "{5ADCEDDF-D5BB-4EAB-8A6D-CD571222BB11}"
EndProject
Global
	GlobalSection(SolutionConfigurationPlatforms) = preSolution
		Debug|Any CPU = Debug|Any CPU
		Release|Any CPU = Release|Any CPU
	EndGlobalSection
	GlobalSection(ProjectConfigurationPlatforms) = postSolution
		{5ADCEDDF-D5BB-4EAB-8A6D-CD571222BB11}.Debug|Any CPU.ActiveCfg = Debug|Any CPU
		{5ADCEDDF-D5BB-4EAB-8A6D-CD571222BB11}.Debug|Any CPU.Build.0 = Debug|Any CPU
		{5ADCEDDF-D5BB-4EAB-8A6D-CD571222BB11}.Release|Any CPU.ActiveCfg = Release|Any CPU
		{5ADCEDDF-D5BB-4EAB-8A6D-CD571222BB11}.Release|Any CPU.Build.0 = Release|Any CPU
	EndGlobalSection
	GlobalSection(SolutionProperties) = preSolution
		HideSolutionNode = FALSE
	EndGlobalSection
	GlobalSection(ExtensibilityGlobals) = postSolution
		SolutionGuid = {E6B4AEAA-F6FD-4301-AE35-4D00D3A9B6D5}
	EndGlobalSection
EndGlobal
